// !$*UTF8*$!
{
	archiveVersion = 1;
	classes = {
	};
	objectVersion = 56;
	objects = {

/* Begin PBXBuildFile section */
		DBA323DC2B768B3700BD74F1 /* AppDelegate.swift in Sources */ = {isa = PBXBuildFile; fileRef = DBA323DB2B768B3700BD74F1 /* AppDelegate.swift */; };
		DBA323DE2B768B3700BD74F1 /* SceneDelegate.swift in Sources */ = {isa = PBXBuildFile; fileRef = DBA323DD2B768B3700BD74F1 /* SceneDelegate.swift */; };
		DBA323E02B768B3700BD74F1 /* ViewController.swift in Sources */ = {isa = PBXBuildFile; fileRef = DBA323DF2B768B3700BD74F1 /* ViewController.swift */; };
		DBA323E32B768B3700BD74F1 /* Main.storyboard in Resources */ = {isa = PBXBuildFile; fileRef = DBA323E12B768B3700BD74F1 /* Main.storyboard */; };
		DBA323E52B768B3900BD74F1 /* Assets.xcassets in Resources */ = {isa = PBXBuildFile; fileRef = DBA323E42B768B3900BD74F1 /* Assets.xcassets */; };
		DBA323E82B768B3900BD74F1 /* LaunchScreen.storyboard in Resources */ = {isa = PBXBuildFile; fileRef = DBA323E62B768B3900BD74F1 /* LaunchScreen.storyboard */; };
		DBA323F32B768B3A00BD74F1 /* LifeCycleTests.swift in Sources */ = {isa = PBXBuildFile; fileRef = DBA323F22B768B3A00BD74F1 /* LifeCycleTests.swift */; };
		DBA323FD2B768B3A00BD74F1 /* LifeCycleUITests.swift in Sources */ = {isa = PBXBuildFile; fileRef = DBA323FC2B768B3A00BD74F1 /* LifeCycleUITests.swift */; };
		DBA323FF2B768B3A00BD74F1 /* LifeCycleUITestsLaunchTests.swift in Sources */ = {isa = PBXBuildFile; fileRef = DBA323FE2B768B3A00BD74F1 /* LifeCycleUITestsLaunchTests.swift */; };
		DBA3240C2B76BF7B00BD74F1 /* SecondViewController.swift in Sources */ = {isa = PBXBuildFile; fileRef = DBA3240B2B76BF7B00BD74F1 /* SecondViewController.swift */; };
/* End PBXBuildFile section */

/* Begin PBXContainerItemProxy section */
		DBA323EF2B768B3A00BD74F1 /* PBXContainerItemProxy */ = {
			isa = PBXContainerItemProxy;
			containerPortal = DBA323D02B768B3700BD74F1 /* Project object */;
			proxyType = 1;
			remoteGlobalIDString = DBA323D72B768B3700BD74F1;
			remoteInfo = LifeCycle;
		};
		DBA323F92B768B3A00BD74F1 /* PBXContainerItemProxy */ = {
			isa = PBXContainerItemProxy;
			containerPortal = DBA323D02B768B3700BD74F1 /* Project object */;
			proxyType = 1;
			remoteGlobalIDString = DBA323D72B768B3700BD74F1;
			remoteInfo = LifeCycle;
		};
/* End PBXContainerItemProxy section */

/* Begin PBXFileReference section */
		DBA323D82B768B3700BD74F1 /* LifeCycle.app */ = {isa = PBXFileReference; explicitFileType = wrapper.application; includeInIndex = 0; path = LifeCycle.app; sourceTree = BUILT_PRODUCTS_DIR; };
		DBA323DB2B768B3700BD74F1 /* AppDelegate.swift */ = {isa = PBXFileReference; lastKnownFileType = sourcecode.swift; path = AppDelegate.swift; sourceTree = "<group>"; };
		DBA323DD2B768B3700BD74F1 /* SceneDelegate.swift */ = {isa = PBXFileReference; lastKnownFileType = sourcecode.swift; path = SceneDelegate.swift; sourceTree = "<group>"; };
		DBA323DF2B768B3700BD74F1 /* ViewController.swift */ = {isa = PBXFileReference; lastKnownFileType = sourcecode.swift; path = ViewController.swift; sourceTree = "<group>"; };
		DBA323E22B768B3700BD74F1 /* Base */ = {isa = PBXFileReference; lastKnownFileType = file.storyboard; name = Base; path = Base.lproj/Main.storyboard; sourceTree = "<group>"; };
		DBA323E42B768B3900BD74F1 /* Assets.xcassets */ = {isa = PBXFileReference; lastKnownFileType = folder.assetcatalog; path = Assets.xcassets; sourceTree = "<group>"; };
		DBA323E72B768B3900BD74F1 /* Base */ = {isa = PBXFileReference; lastKnownFileType = file.storyboard; name = Base; path = Base.lproj/LaunchScreen.storyboard; sourceTree = "<group>"; };
		DBA323E92B768B3900BD74F1 /* Info.plist */ = {isa = PBXFileReference; lastKnownFileType = text.plist.xml; path = Info.plist; sourceTree = "<group>"; };
		DBA323EE2B768B3A00BD74F1 /* LifeCycleTests.xctest */ = {isa = PBXFileReference; explicitFileType = wrapper.cfbundle; includeInIndex = 0; path = LifeCycleTests.xctest; sourceTree = BUILT_PRODUCTS_DIR; };
		DBA323F22B768B3A00BD74F1 /* LifeCycleTests.swift */ = {isa = PBXFileReference; lastKnownFileType = sourcecode.swift; path = LifeCycleTests.swift; sourceTree = "<group>"; };
		DBA323F82B768B3A00BD74F1 /* LifeCycleUITests.xctest */ = {isa = PBXFileReference; explicitFileType = wrapper.cfbundle; includeInIndex = 0; path = LifeCycleUITests.xctest; sourceTree = BUILT_PRODUCTS_DIR; };
		DBA323FC2B768B3A00BD74F1 /* LifeCycleUITests.swift */ = {isa = PBXFileReference; lastKnownFileType = sourcecode.swift; path = LifeCycleUITests.swift; sourceTree = "<group>"; };
		DBA323FE2B768B3A00BD74F1 /* LifeCycleUITestsLaunchTests.swift */ = {isa = PBXFileReference; lastKnownFileType = sourcecode.swift; path = LifeCycleUITestsLaunchTests.swift; sourceTree = "<group>"; };
		DBA3240B2B76BF7B00BD74F1 /* SecondViewController.swift */ = {isa = PBXFileReference; lastKnownFileType = sourcecode.swift; path = SecondViewController.swift; sourceTree = "<group>"; };
/* End PBXFileReference section */

/* Begin PBXFrameworksBuildPhase section */
		DBA323D52B768B3700BD74F1 /* Frameworks */ = {
			isa = PBXFrameworksBuildPhase;
			buildActionMask = 2147483647;
			files = (
			);
			runOnlyForDeploymentPostprocessing = 0;
		};
		DBA323EB2B768B3A00BD74F1 /* Frameworks */ = {
			isa = PBXFrameworksBuildPhase;
			buildActionMask = 2147483647;
			files = (
			);
			runOnlyForDeploymentPostprocessing = 0;
		};
		DBA323F52B768B3A00BD74F1 /* Frameworks */ = {
			isa = PBXFrameworksBuildPhase;
			buildActionMask = 2147483647;
			files = (
			);
			runOnlyForDeploymentPostprocessing = 0;
		};
/* End PBXFrameworksBuildPhase section */

/* Begin PBXGroup section */
		DBA323CF2B768B3700BD74F1 = {
			isa = PBXGroup;
			children = (
				DBA323DA2B768B3700BD74F1 /* LifeCycle */,
				DBA323F12B768B3A00BD74F1 /* LifeCycleTests */,
				DBA323FB2B768B3A00BD74F1 /* LifeCycleUITests */,
				DBA323D92B768B3700BD74F1 /* Products */,
			);
			sourceTree = "<group>";
		};
		DBA323D92B768B3700BD74F1 /* Products */ = {
			isa = PBXGroup;
			children = (
				DBA323D82B768B3700BD74F1 /* LifeCycle.app */,
				DBA323EE2B768B3A00BD74F1 /* LifeCycleTests.xctest */,
				DBA323F82B768B3A00BD74F1 /* LifeCycleUITests.xctest */,
			);
			name = Products;
			sourceTree = "<group>";
		};
		DBA323DA2B768B3700BD74F1 /* LifeCycle */ = {
			isa = PBXGroup;
			children = (
				DBA323DB2B768B3700BD74F1 /* AppDelegate.swift */,
				DBA323DD2B768B3700BD74F1 /* SceneDelegate.swift */,
				DBA323DF2B768B3700BD74F1 /* ViewController.swift */,
				DBA323E12B768B3700BD74F1 /* Main.storyboard */,
				DBA3240B2B76BF7B00BD74F1 /* SecondViewController.swift */,
				DBA323E42B768B3900BD74F1 /* Assets.xcassets */,
				DBA323E62B768B3900BD74F1 /* LaunchScreen.storyboard */,
				DBA323E92B768B3900BD74F1 /* Info.plist */,
			);
			path = LifeCycle;
			sourceTree = "<group>";
		};
		DBA323F12B768B3A00BD74F1 /* LifeCycleTests */ = {
			isa = PBXGroup;
			children = (
				DBA323F22B768B3A00BD74F1 /* LifeCycleTests.swift */,
			);
			path = LifeCycleTests;
			sourceTree = "<group>";
		};
		DBA323FB2B768B3A00BD74F1 /* LifeCycleUITests */ = {
			isa = PBXGroup;
			children = (
				DBA323FC2B768B3A00BD74F1 /* LifeCycleUITests.swift */,
				DBA323FE2B768B3A00BD74F1 /* LifeCycleUITestsLaunchTests.swift */,
			);
			path = LifeCycleUITests;
			sourceTree = "<group>";
		};
/* End PBXGroup section */

/* Begin PBXNativeTarget section */
		DBA323D72B768B3700BD74F1 /* LifeCycle */ = {
			isa = PBXNativeTarget;
			buildConfigurationList = DBA324022B768B3A00BD74F1 /* Build configuration list for PBXNativeTarget "LifeCycle" */;
			buildPhases = (
				DBA323D42B768B3700BD74F1 /* Sources */,
				DBA323D52B768B3700BD74F1 /* Frameworks */,
				DBA323D62B768B3700BD74F1 /* Resources */,
			);
			buildRules = (
			);
			dependencies = (
			);
			name = LifeCycle;
			productName = LifeCycle;
			productReference = DBA323D82B768B3700BD74F1 /* LifeCycle.app */;
			productType = "com.apple.product-type.application";
		};
		DBA323ED2B768B3A00BD74F1 /* LifeCycleTests */ = {
			isa = PBXNativeTarget;
			buildConfigurationList = DBA324052B768B3A00BD74F1 /* Build configuration list for PBXNativeTarget "LifeCycleTests" */;
			buildPhases = (
				DBA323EA2B768B3A00BD74F1 /* Sources */,
				DBA323EB2B768B3A00BD74F1 /* Frameworks */,
				DBA323EC2B768B3A00BD74F1 /* Resources */,
			);
			buildRules = (
			);
			dependencies = (
				DBA323F02B768B3A00BD74F1 /* PBXTargetDependency */,
			);
			name = LifeCycleTests;
			productName = LifeCycleTests;
			productReference = DBA323EE2B768B3A00BD74F1 /* LifeCycleTests.xctest */;
			productType = "com.apple.product-type.bundle.unit-test";
		};
		DBA323F72B768B3A00BD74F1 /* LifeCycleUITests */ = {
			isa = PBXNativeTarget;
			buildConfigurationList = DBA324082B768B3A00BD74F1 /* Build configuration list for PBXNativeTarget "LifeCycleUITests" */;
			buildPhases = (
				DBA323F42B768B3A00BD74F1 /* Sources */,
				DBA323F52B768B3A00BD74F1 /* Frameworks */,
				DBA323F62B768B3A00BD74F1 /* Resources */,
			);
			buildRules = (
			);
			dependencies = (
				DBA323FA2B768B3A00BD74F1 /* PBXTargetDependency */,
			);
			name = LifeCycleUITests;
			productName = LifeCycleUITests;
			productReference = DBA323F82B768B3A00BD74F1 /* LifeCycleUITests.xctest */;
			productType = "com.apple.product-type.bundle.ui-testing";
		};
/* End PBXNativeTarget section */

/* Begin PBXProject section */
		DBA323D02B768B3700BD74F1 /* Project object */ = {
			isa = PBXProject;
			attributes = {
				BuildIndependentTargetsInParallel = 1;
				LastSwiftUpdateCheck = 1520;
				LastUpgradeCheck = 1520;
				TargetAttributes = {
					DBA323D72B768B3700BD74F1 = {
						CreatedOnToolsVersion = 15.2;
					};
					DBA323ED2B768B3A00BD74F1 = {
						CreatedOnToolsVersion = 15.2;
						TestTargetID = DBA323D72B768B3700BD74F1;
					};
					DBA323F72B768B3A00BD74F1 = {
						CreatedOnToolsVersion = 15.2;
						TestTargetID = DBA323D72B768B3700BD74F1;
					};
				};
			};
			buildConfigurationList = DBA323D32B768B3700BD74F1 /* Build configuration list for PBXProject "LifeCycle" */;
			compatibilityVersion = "Xcode 14.0";
			developmentRegion = en;
			hasScannedForEncodings = 0;
			knownRegions = (
				en,
				Base,
			);
			mainGroup = DBA323CF2B768B3700BD74F1;
			productRefGroup = DBA323D92B768B3700BD74F1 /* Products */;
			projectDirPath = "";
			projectRoot = "";
			targets = (
				DBA323D72B768B3700BD74F1 /* LifeCycle */,
				DBA323ED2B768B3A00BD74F1 /* LifeCycleTests */,
				DBA323F72B768B3A00BD74F1 /* LifeCycleUITests */,
			);
		};
/* End PBXProject section */

/* Begin PBXResourcesBuildPhase section */
		DBA323D62B768B3700BD74F1 /* Resources */ = {
			isa = PBXResourcesBuildPhase;
			buildActionMask = 2147483647;
			files = (
				DBA323E82B768B3900BD74F1 /* LaunchScreen.storyboard in Resources */,
				DBA323E52B768B3900BD74F1 /* Assets.xcassets in Resources */,
				DBA323E32B768B3700BD74F1 /* Main.storyboard in Resources */,
			);
			runOnlyForDeploymentPostprocessing = 0;
		};
		DBA323EC2B768B3A00BD74F1 /* Resources */ = {
			isa = PBXResourcesBuildPhase;
			buildActionMask = 2147483647;
			files = (
			);
			runOnlyForDeploymentPostprocessing = 0;
		};
		DBA323F62B768B3A00BD74F1 /* Resources */ = {
			isa = PBXResourcesBuildPhase;
			buildActionMask = 2147483647;
			files = (
			);
			runOnlyForDeploymentPostprocessing = 0;
		};
/* End PBXResourcesBuildPhase section */

/* Begin PBXSourcesBuildPhase section */
		DBA323D42B768B3700BD74F1 /* Sources */ = {
			isa = PBXSourcesBuildPhase;
			buildActionMask = 2147483647;
			files = (
				DBA3240C2B76BF7B00BD74F1 /* SecondViewController.swift in Sources */,
				DBA323E02B768B3700BD74F1 /* ViewController.swift in Sources */,
				DBA323DC2B768B3700BD74F1 /* AppDelegate.swift in Sources */,
				DBA323DE2B768B3700BD74F1 /* SceneDelegate.swift in Sources */,
			);
			runOnlyForDeploymentPostprocessing = 0;
		};
		DBA323EA2B768B3A00BD74F1 /* Sources */ = {
			isa = PBXSourcesBuildPhase;
			buildActionMask = 2147483647;
			files = (
				DBA323F32B768B3A00BD74F1 /* LifeCycleTests.swift in Sources */,
			);
			runOnlyForDeploymentPostprocessing = 0;
		};
		DBA323F42B768B3A00BD74F1 /* Sources */ = {
			isa = PBXSourcesBuildPhase;
			buildActionMask = 2147483647;
			files = (
				DBA323FD2B768B3A00BD74F1 /* LifeCycleUITests.swift in Sources */,
				DBA323FF2B768B3A00BD74F1 /* LifeCycleUITestsLaunchTests.swift in Sources */,
			);
			runOnlyForDeploymentPostprocessing = 0;
		};
/* End PBXSourcesBuildPhase section */

/* Begin PBXTargetDependency section */
		DBA323F02B768B3A00BD74F1 /* PBXTargetDependency */ = {
			isa = PBXTargetDependency;
			target = DBA323D72B768B3700BD74F1 /* LifeCycle */;
			targetProxy = DBA323EF2B768B3A00BD74F1 /* PBXContainerItemProxy */;
		};
		DBA323FA2B768B3A00BD74F1 /* PBXTargetDependency */ = {
			isa = PBXTargetDependency;
			target = DBA323D72B768B3700BD74F1 /* LifeCycle */;
			targetProxy = DBA323F92B768B3A00BD74F1 /* PBXContainerItemProxy */;
		};
/* End PBXTargetDependency section */

/* Begin PBXVariantGroup section */
		DBA323E12B768B3700BD74F1 /* Main.storyboard */ = {
			isa = PBXVariantGroup;
			children = (
				DBA323E22B768B3700BD74F1 /* Base */,
			);
			name = Main.storyboard;
			sourceTree = "<group>";
		};
		DBA323E62B768B3900BD74F1 /* LaunchScreen.storyboard */ = {
			isa = PBXVariantGroup;
			children = (
				DBA323E72B768B3900BD74F1 /* Base */,
			);
			name = LaunchScreen.storyboard;
			sourceTree = "<group>";
		};
/* End PBXVariantGroup section */

/* Begin XCBuildConfiguration section */
		DBA324002B768B3A00BD74F1 /* Debug */ = {
			isa = XCBuildConfiguration;
			buildSettings = {
				ALWAYS_SEARCH_USER_PATHS = NO;
				ASSETCATALOG_COMPILER_GENERATE_SWIFT_ASSET_SYMBOL_EXTENSIONS = YES;
				CLANG_ANALYZER_NONNULL = YES;
				CLANG_ANALYZER_NUMBER_OBJECT_CONVERSION = YES_AGGRESSIVE;
				CLANG_CXX_LANGUAGE_STANDARD = "gnu++20";
				CLANG_ENABLE_MODULES = YES;
				CLANG_ENABLE_OBJC_ARC = YES;
				CLANG_ENABLE_OBJC_WEAK = YES;
				CLANG_WARN_BLOCK_CAPTURE_AUTORELEASING = YES;
				CLANG_WARN_BOOL_CONVERSION = YES;
				CLANG_WARN_COMMA = YES;
				CLANG_WARN_CONSTANT_CONVERSION = YES;
				CLANG_WARN_DEPRECATED_OBJC_IMPLEMENTATIONS = YES;
				CLANG_WARN_DIRECT_OBJC_ISA_USAGE = YES_ERROR;
				CLANG_WARN_DOCUMENTATION_COMMENTS = YES;
				CLANG_WARN_EMPTY_BODY = YES;
				CLANG_WARN_ENUM_CONVERSION = YES;
				CLANG_WARN_INFINITE_RECURSION = YES;
				CLANG_WARN_INT_CONVERSION = YES;
				CLANG_WARN_NON_LITERAL_NULL_CONVERSION = YES;
				CLANG_WARN_OBJC_IMPLICIT_RETAIN_SELF = YES;
				CLANG_WARN_OBJC_LITERAL_CONVERSION = YES;
				CLANG_WARN_OBJC_ROOT_CLASS = YES_ERROR;
				CLANG_WARN_QUOTED_INCLUDE_IN_FRAMEWORK_HEADER = YES;
				CLANG_WARN_RANGE_LOOP_ANALYSIS = YES;
				CLANG_WARN_STRICT_PROTOTYPES = YES;
				CLANG_WARN_SUSPICIOUS_MOVE = YES;
				CLANG_WARN_UNGUARDED_AVAILABILITY = YES_AGGRESSIVE;
				CLANG_WARN_UNREACHABLE_CODE = YES;
				CLANG_WARN__DUPLICATE_METHOD_MATCH = YES;
				COPY_PHASE_STRIP = NO;
				DEBUG_INFORMATION_FORMAT = dwarf;
				ENABLE_STRICT_OBJC_MSGSEND = YES;
				ENABLE_TESTABILITY = YES;
				ENABLE_USER_SCRIPT_SANDBOXING = YES;
				GCC_C_LANGUAGE_STANDARD = gnu17;
				GCC_DYNAMIC_NO_PIC = NO;
				GCC_NO_COMMON_BLOCKS = YES;
				GCC_OPTIMIZATION_LEVEL = 0;
				GCC_PREPROCESSOR_DEFINITIONS = (
					"DEBUG=1",
					"$(inherited)",
				);
				GCC_WARN_64_TO_32_BIT_CONVERSION = YES;
				GCC_WARN_ABOUT_RETURN_TYPE = YES_ERROR;
				GCC_WARN_UNDECLARED_SELECTOR = YES;
				GCC_WARN_UNINITIALIZED_AUTOS = YES_AGGRESSIVE;
				GCC_WARN_UNUSED_FUNCTION = YES;
				GCC_WARN_UNUSED_VARIABLE = YES;
				IPHONEOS_DEPLOYMENT_TARGET = 17.2;
				LOCALIZATION_PREFERS_STRING_CATALOGS = YES;
				MTL_ENABLE_DEBUG_INFO = INCLUDE_SOURCE;
				MTL_FAST_MATH = YES;
				ONLY_ACTIVE_ARCH = YES;
				SDKROOT = iphoneos;
				SWIFT_ACTIVE_COMPILATION_CONDITIONS = "DEBUG $(inherited)";
				SWIFT_OPTIMIZATION_LEVEL = "-Onone";
			};
			name = Debug;
		};
		DBA324012B768B3A00BD74F1 /* Release */ = {
			isa = XCBuildConfiguration;
			buildSettings = {
				ALWAYS_SEARCH_USER_PATHS = NO;
				ASSETCATALOG_COMPILER_GENERATE_SWIFT_ASSET_SYMBOL_EXTENSIONS = YES;
				CLANG_ANALYZER_NONNULL = YES;
				CLANG_ANALYZER_NUMBER_OBJECT_CONVERSION = YES_AGGRESSIVE;
				CLANG_CXX_LANGUAGE_STANDARD = "gnu++20";
				CLANG_ENABLE_MODULES = YES;
				CLANG_ENABLE_OBJC_ARC = YES;
				CLANG_ENABLE_OBJC_WEAK = YES;
				CLANG_WARN_BLOCK_CAPTURE_AUTORELEASING = YES;
				CLANG_WARN_BOOL_CONVERSION = YES;
				CLANG_WARN_COMMA = YES;
				CLANG_WARN_CONSTANT_CONVERSION = YES;
				CLANG_WARN_DEPRECATED_OBJC_IMPLEMENTATIONS = YES;
				CLANG_WARN_DIRECT_OBJC_ISA_USAGE = YES_ERROR;
				CLANG_WARN_DOCUMENTATION_COMMENTS = YES;
				CLANG_WARN_EMPTY_BODY = YES;
				CLANG_WARN_ENUM_CONVERSION = YES;
				CLANG_WARN_INFINITE_RECURSION = YES;
				CLANG_WARN_INT_CONVERSION = YES;
				CLANG_WARN_NON_LITERAL_NULL_CONVERSION = YES;
				CLANG_WARN_OBJC_IMPLICIT_RETAIN_SELF = YES;
				CLANG_WARN_OBJC_LITERAL_CONVERSION = YES;
				CLANG_WARN_OBJC_ROOT_CLASS = YES_ERROR;
				CLANG_WARN_QUOTED_INCLUDE_IN_FRAMEWORK_HEADER = YES;
				CLANG_WARN_RANGE_LOOP_ANALYSIS = YES;
				CLANG_WARN_STRICT_PROTOTYPES = YES;
				CLANG_WARN_SUSPICIOUS_MOVE = YES;
				CLANG_WARN_UNGUARDED_AVAILABILITY = YES_AGGRESSIVE;
				CLANG_WARN_UNREACHABLE_CODE = YES;
				CLANG_WARN__DUPLICATE_METHOD_MATCH = YES;
				COPY_PHASE_STRIP = NO;
				DEBUG_INFORMATION_FORMAT = "dwarf-with-dsym";
				ENABLE_NS_ASSERTIONS = NO;
				ENABLE_STRICT_OBJC_MSGSEND = YES;
				ENABLE_USER_SCRIPT_SANDBOXING = YES;
				GCC_C_LANGUAGE_STANDARD = gnu17;
				GCC_NO_COMMON_BLOCKS = YES;
				GCC_WARN_64_TO_32_BIT_CONVERSION = YES;
				GCC_WARN_ABOUT_RETURN_TYPE = YES_ERROR;
				GCC_WARN_UNDECLARED_SELECTOR = YES;
				GCC_WARN_UNINITIALIZED_AUTOS = YES_AGGRESSIVE;
				GCC_WARN_UNUSED_FUNCTION = YES;
				GCC_WARN_UNUSED_VARIABLE = YES;
				IPHONEOS_DEPLOYMENT_TARGET = 17.2;
				LOCALIZATION_PREFERS_STRING_CATALOGS = YES;
				MTL_ENABLE_DEBUG_INFO = NO;
				MTL_FAST_MATH = YES;
				SDKROOT = iphoneos;
				SWIFT_COMPILATION_MODE = wholemodule;
				VALIDATE_PRODUCT = YES;
			};
			name = Release;
		};
		DBA324032B768B3A00BD74F1 /* Debug */ = {
			isa = XCBuildConfiguration;
			buildSettings = {
				ASSETCATALOG_COMPILER_APPICON_NAME = AppIcon;
				ASSETCATALOG_COMPILER_GLOBAL_ACCENT_COLOR_NAME = AccentColor;
				CODE_SIGN_STYLE = Automatic;
				CURRENT_PROJECT_VERSION = 1;
				DEVELOPMENT_TEAM = ZQ9LR78J46;
				GENERATE_INFOPLIST_FILE = YES;
				INFOPLIST_FILE = LifeCycle/Info.plist;
				INFOPLIST_KEY_UIApplicationSupportsIndirectInputEvents = YES;
				INFOPLIST_KEY_UILaunchStoryboardName = LaunchScreen;
				INFOPLIST_KEY_UIMainStoryboardFile = Main;
				INFOPLIST_KEY_UISupportedInterfaceOrientations_iPad = "UIInterfaceOrientationPortrait UIInterfaceOrientationPortraitUpsideDown UIInterfaceOrientationLandscapeLeft UIInterfaceOrientationLandscapeRight";
				INFOPLIST_KEY_UISupportedInterfaceOrientations_iPhone = "UIInterfaceOrientationPortrait UIInterfaceOrientationLandscapeLeft UIInterfaceOrientationLandscapeRight";
				LD_RUNPATH_SEARCH_PATHS = (
					"$(inherited)",
					"@executable_path/Frameworks",
				);
				MARKETING_VERSION = 1.0;
				PRODUCT_BUNDLE_IDENTIFIER = com.Cesar.LifeCycle;
				PRODUCT_NAME = "$(TARGET_NAME)";
				SWIFT_EMIT_LOC_STRINGS = YES;
				SWIFT_VERSION = 5.0;
				TARGETED_DEVICE_FAMILY = "1,2";
			};
			name = Debug;
		};
		DBA324042B768B3A00BD74F1 /* Release */ = {
			isa = XCBuildConfiguration;
			buildSettings = {
				ASSETCATALOG_COMPILER_APPICON_NAME = AppIcon;
				ASSETCATALOG_COMPILER_GLOBAL_ACCENT_COLOR_NAME = AccentColor;
				CODE_SIGN_STYLE = Automatic;
				CURRENT_PROJECT_VERSION = 1;
				DEVELOPMENT_TEAM = ZQ9LR78J46;
				GENERATE_INFOPLIST_FILE = YES;
				INFOPLIST_FILE = LifeCycle/Info.plist;
				INFOPLIST_KEY_UIApplicationSupportsIndirectInputEvents = YES;
				INFOPLIST_KEY_UILaunchStoryboardName = LaunchScreen;
				INFOPLIST_KEY_UIMainStoryboardFile = Main;
				INFOPLIST_KEY_UISupportedInterfaceOrientations_iPad = "UIInterfaceOrientationPortrait UIInterfaceOrientationPortraitUpsideDown UIInterfaceOrientationLandscapeLeft UIInterfaceOrientationLandscapeRight";
				INFOPLIST_KEY_UISupportedInterfaceOrientations_iPhone = "UIInterfaceOrientationPortrait UIInterfaceOrientationLandscapeLeft UIInterfaceOrientationLandscapeRight";
				LD_RUNPATH_SEARCH_PATHS = (
					"$(inherited)",
					"@executable_path/Frameworks",
				);
				MARKETING_VERSION = 1.0;
				PRODUCT_BUNDLE_IDENTIFIER = com.Cesar.LifeCycle;
				PRODUCT_NAME = "$(TARGET_NAME)";
				SWIFT_EMIT_LOC_STRINGS = YES;
				SWIFT_VERSION = 5.0;
				TARGETED_DEVICE_FAMILY = "1,2";
			};
			name = Release;
		};
		DBA324062B768B3A00BD74F1 /* Debug */ = {
			isa = XCBuildConfiguration;
			buildSettings = {
				ALWAYS_EMBED_SWIFT_STANDARD_LIBRARIES = YES;
				BUNDLE_LOADER = "$(TEST_HOST)";
				CODE_SIGN_STYLE = Automatic;
				CURRENT_PROJECT_VERSION = 1;
				DEVELOPMENT_TEAM = ZQ9LR78J46;
				GENERATE_INFOPLIST_FILE = YES;
				IPHONEOS_DEPLOYMENT_TARGET = 17.2;
				MARKETING_VERSION = 1.0;
				PRODUCT_BUNDLE_IDENTIFIER = com.Cesar.LifeCycleTests;
				PRODUCT_NAME = "$(TARGET_NAME)";
				SWIFT_EMIT_LOC_STRINGS = NO;
				SWIFT_VERSION = 5.0;
				TARGETED_DEVICE_FAMILY = "1,2";
				TEST_HOST = "$(BUILT_PRODUCTS_DIR)/LifeCycle.app/$(BUNDLE_EXECUTABLE_FOLDER_PATH)/LifeCycle";
			};
			name = Debug;
		};
		DBA324072B768B3A00BD74F1 /* Release */ = {
			isa = XCBuildConfiguration;
			buildSettings = {
				ALWAYS_EMBED_SWIFT_STANDARD_LIBRARIES = YES;
				BUNDLE_LOADER = "$(TEST_HOST)";
				CODE_SIGN_STYLE = Automatic;
				CURRENT_PROJECT_VERSION = 1;
				DEVELOPMENT_TEAM = ZQ9LR78J46;
				GENERATE_INFOPLIST_FILE = YES;
				IPHONEOS_DEPLOYMENT_TARGET = 17.2;
				MARKETING_VERSION = 1.0;
				PRODUCT_BUNDLE_IDENTIFIER = com.Cesar.LifeCycleTests;
				PRODUCT_NAME = "$(TARGET_NAME)";
				SWIFT_EMIT_LOC_STRINGS = NO;
				SWIFT_VERSION = 5.0;
				TARGETED_DEVICE_FAMILY = "1,2";
				TEST_HOST = "$(BUILT_PRODUCTS_DIR)/LifeCycle.app/$(BUNDLE_EXECUTABLE_FOLDER_PATH)/LifeCycle";
			};
			name = Release;
		};
		DBA324092B768B3A00BD74F1 /* Debug */ = {
			isa = XCBuildConfiguration;
			buildSettings = {
				ALWAYS_EMBED_SWIFT_STANDARD_LIBRARIES = YES;
				CODE_SIGN_STYLE = Automatic;
				CURRENT_PROJECT_VERSION = 1;
				DEVELOPMENT_TEAM = ZQ9LR78J46;
				GENERATE_INFOPLIST_FILE = YES;
				MARKETING_VERSION = 1.0;
				PRODUCT_BUNDLE_IDENTIFIER = com.Cesar.LifeCycleUITests;
				PRODUCT_NAME = "$(TARGET_NAME)";
				SWIFT_EMIT_LOC_STRINGS = NO;
				SWIFT_VERSION = 5.0;
				TARGETED_DEVICE_FAMILY = "1,2";
				TEST_TARGET_NAME = LifeCycle;
			};
			name = Debug;
		};
		DBA3240A2B768B3A00BD74F1 /* Release */ = {
			isa = XCBuildConfiguration;
			buildSettings = {
				ALWAYS_EMBED_SWIFT_STANDARD_LIBRARIES = YES;
				CODE_SIGN_STYLE = Automatic;
				CURRENT_PROJECT_VERSION = 1;
				DEVELOPMENT_TEAM = ZQ9LR78J46;
				GENERATE_INFOPLIST_FILE = YES;
				MARKETING_VERSION = 1.0;
				PRODUCT_BUNDLE_IDENTIFIER = com.Cesar.LifeCycleUITests;
				PRODUCT_NAME = "$(TARGET_NAME)";
				SWIFT_EMIT_LOC_STRINGS = NO;
				SWIFT_VERSION = 5.0;
				TARGETED_DEVICE_FAMILY = "1,2";
				TEST_TARGET_NAME = LifeCycle;
			};
			name = Release;
		};
/* End XCBuildConfiguration section */

/* Begin XCConfigurationList section */
		DBA323D32B768B3700BD74F1 /* Build configuration list for PBXProject "LifeCycle" */ = {
			isa = XCConfigurationList;
			buildConfigurations = (
				DBA324002B768B3A00BD74F1 /* Debug */,
				DBA324012B768B3A00BD74F1 /* Release */,
			);
			defaultConfigurationIsVisible = 0;
			defaultConfigurationName = Release;
		};
		DBA324022B768B3A00BD74F1 /* Build configuration list for PBXNativeTarget "LifeCycle" */ = {
			isa = XCConfigurationList;
			buildConfigurations = (
				DBA324032B768B3A00BD74F1 /* Debug */,
				DBA324042B768B3A00BD74F1 /* Release */,
			);
			defaultConfigurationIsVisible = 0;
			defaultConfigurationName = Release;
		};
		DBA324052B768B3A00BD74F1 /* Build configuration list for PBXNativeTarget "LifeCycleTests" */ = {
			isa = XCConfigurationList;
			buildConfigurations = (
				DBA324062B768B3A00BD74F1 /* Debug */,
				DBA324072B768B3A00BD74F1 /* Release */,
			);
			defaultConfigurationIsVisible = 0;
			defaultConfigurationName = Release;
		};
		DBA324082B768B3A00BD74F1 /* Build configuration list for PBXNativeTarget "LifeCycleUITests" */ = {
			isa = XCConfigurationList;
			buildConfigurations = (
				DBA324092B768B3A00BD74F1 /* Debug */,
				DBA3240A2B768B3A00BD74F1 /* Release */,
			);
			defaultConfigurationIsVisible = 0;
			defaultConfigurationName = Release;
		};
/* End XCConfigurationList section */
	};
	rootObject = DBA323D02B768B3700BD74F1 /* Project object */;
}
